# THIS IS AN AUTOGENERATED FILE. DO NOT EDIT THIS FILE DIRECTLY.
# yarn lockfile v1


"@tanstack/query-core@5.104.1":
  version "5.104.1"
  resolved "https://registry.yarnpkg.com/@tanstack/query-core/-/query-core-5.104.1.tgz#c9819a22f8183e423bbe04b71780a4e17b42aff8"
  integrity sha512-TiRghcrGkUTE+M4JBxvpPSpBhxvIzQairw+cksrHYGr+2uwC77yW1SY9nYxnYRYOppvucf8rEg6b5byoz4rTpw==

"@tanstack/react-query@^5.104.1":
  version "5.104.1"
  resolved "https://registry.yarnpkg.com/@tanstack/react-query/-/react-query-5.104.1.tgz#c9c6b66ea96f8b5f73f4f3491b1776036a3c5456"
  integrity sha512-Zz70EgjahNI7aCz8BZxM3vUGU44ycxEAzMuCUjLeA7SVhhOkg3ZgPjPJPvHjs6Rmky/dtmnu1WzjGHNHmhCoZQ==
  dependencies:
    "@tanstack/query-core" "5.104.1"
