# THIS IS AN AUTOGENERATED FILE. DO NOT EDIT THIS FILE DIRECTLY.
# yarn lockfile v1


"@tanstack/query-core@5.104.1":
  version "5.104.1"
  resolved "https://registry.yarnpkg.com/@tanstack/query-core/-/query-core-5.104.1.tgz#c9819a22f8183e423bbe04b71780a4e17b42aff8"
  integrity sha512-TiRghcrGkUTE+M4JBxvpPSpBhxvIzQairw+cksrHYGr+2uwC77yW1SY9nYxnYRYOppvucf8rEg6b5byoz4rTpw==

"@tanstack/react-query@^5.104.1":
  version "5.104.1"
  resolved "https://registry.yarnpkg.com/@tanstack/react-query/-/react-query-5.104.1.tgz#c9c6b66ea96f8b5f73f4f3491b1776036a3c5456"
  integrity sha512-Zz70EgjahNI7aCz8BZxM3vUGU44ycxEAzMuCUjLeA7SVhhOkg3ZgPjPJPvHjs6Rmky/dtmnu1WzjGHNHmhCoZQ==
  dependencies:
    "@tanstack/query-core" "5.104.1"

"@tanstack/react-table@8":
  version "8.21.3"
  resolved "https://registry.yarnpkg.com/@tanstack/react-table/-/react-table-8.21.3.tgz#2c38c747a5731c1a07174fda764b9c2b1fb5e91b"
  integrity sha512-5nNMTSETP4ykGegmVkhjcS8tTLW6Vl4axfEGQN3v0zdHYbK4UfoqfPChclTrJ4EoK9QynqAu9oUf8VEmrpZ5Ww==
  dependencies:
    "@tanstack/table-core" "8.21.3"

"@tanstack/table-core@8.21.3":
  version "8.21.3"
  resolved "https://registry.yarnpkg.com/@tanstack/table-core/-/table-core-8.21.3.tgz#2977727d8fc8dfa079112d9f4d4c019110f1732c"
  integrity sha512-ldZXEhOBb8Is7xLs01fR3YEc3DERiz5silj8tnGkFZytt1abEvl/GhUmCE0PMLaMPTa3Jk4HbKmRlHmu+gCftg==
